// !$*UTF8*$!
{
	archiveVersion = 1;
	classes = {
	};
	objectVersion = 51;
	objects = {

/* Begin PBXBuildFile section */
		4A624A8D7AB739BA40B35289 /* Pods_Crud_Example.framework in Frameworks */ = {isa = PBXBuildFile; fileRef = 66CA530EF85AFF0446CC21C9 /* Pods_Crud_Example.framework */; };
		B647A8C9274ECA6900802633 /* LoginVC.swift in Sources */ = {isa = PBXBuildFile; fileRef = B647A8C8274ECA6900802633 /* LoginVC.swift */; };
		B647A8CF274EE19600802633 /* FormVC.swift in Sources */ = {isa = PBXBuildFile; fileRef = B647A8CE274EE19600802633 /* FormVC.swift */; };
		B647A8D1274F399600802633 /* Constants.swift in Sources */ = {isa = PBXBuildFile; fileRef = B647A8D0274F399600802633 /* Constants.swift */; };
		B65BC695274B737700EB8603 /* AppDelegate.swift in Sources */ = {isa = PBXBuildFile; fileRef = B65BC694274B737700EB8603 /* AppDelegate.swift */; };
		B65BC697274B737700EB8603 /* SceneDelegate.swift in Sources */ = {isa = PBXBuildFile; fileRef = B65BC696274B737700EB8603 /* SceneDelegate.swift */; };
		B65BC699274B737700EB8603 /* MainVC.swift in Sources */ = {isa = PBXBuildFile; fileRef = B65BC698274B737700EB8603 /* MainVC.swift */; };
		B65BC69C274B737700EB8603 /* Main.storyboard in Resources */ = {isa = PBXBuildFile; fileRef = B65BC69A274B737700EB8603 /* Main.storyboard */; };
		B65BC69E274B737900EB8603 /* Assets.xcassets in Resources */ = {isa = PBXBuildFile; fileRef = B65BC69D274B737900EB8603 /* Assets.xcassets */; };
		B65BC6A1274B737900EB8603 /* LaunchScreen.storyboard in Resources */ = {isa = PBXBuildFile; fileRef = B65BC69F274B737900EB8603 /* LaunchScreen.storyboard */; };
		B65BC6AC274B737900EB8603 /* Crud_ExampleTests.swift in Sources */ = {isa = PBXBuildFile; fileRef = B65BC6AB274B737900EB8603 /* Crud_ExampleTests.swift */; };
		B65BC6B7274B737900EB8603 /* Crud_ExampleUITests.swift in Sources */ = {isa = PBXBuildFile; fileRef = B65BC6B6274B737900EB8603 /* Crud_ExampleUITests.swift */; };
		B65BC6C8274B81A300EB8603 /* UIViewController.swift in Sources */ = {isa = PBXBuildFile; fileRef = B65BC6C7274B81A300EB8603 /* UIViewController.swift */; };
		B65BC6CA274B820A00EB8603 /* Connectivity.swift in Sources */ = {isa = PBXBuildFile; fileRef = B65BC6C9274B820A00EB8603 /* Connectivity.swift */; };
		B65BC6CC274B823000EB8603 /* Message.swift in Sources */ = {isa = PBXBuildFile; fileRef = B65BC6CB274B823000EB8603 /* Message.swift */; };
		B65BC6CE274B826200EB8603 /* Person.swift in Sources */ = {isa = PBXBuildFile; fileRef = B65BC6CD274B826200EB8603 /* Person.swift */; };
		B65BC6D2274D8AF500EB8603 /* Vehicle.swift in Sources */ = {isa = PBXBuildFile; fileRef = B65BC6D1274D8AF500EB8603 /* Vehicle.swift */; };
		B65BC6D4274D8B0600EB8603 /* Generic.swift in Sources */ = {isa = PBXBuildFile; fileRef = B65BC6D3274D8B0600EB8603 /* Generic.swift */; };
/* End PBXBuildFile section */

/* Begin PBXContainerItemProxy section */
		B65BC6A8274B737900EB8603 /* PBXContainerItemProxy */ = {
			isa = PBXContainerItemProxy;
			containerPortal = B65BC689274B737700EB8603 /* Project object */;
			proxyType = 1;
			remoteGlobalIDString = B65BC690274B737700EB8603;
			remoteInfo = "Crud Example";
		};
		B65BC6B3274B737900EB8603 /* PBXContainerItemProxy */ = {
			isa = PBXContainerItemProxy;
			containerPortal = B65BC689274B737700EB8603 /* Project object */;
			proxyType = 1;
			remoteGlobalIDString = B65BC690274B737700EB8603;
			remoteInfo = "Crud Example";
		};
/* End PBXContainerItemProxy section */

/* Begin PBXFileReference section */
		66CA530EF85AFF0446CC21C9 /* Pods_Crud_Example.framework */ = {isa = PBXFileReference; explicitFileType = wrapper.framework; includeInIndex = 0; path = Pods_Crud_Example.framework; sourceTree = BUILT_PRODUCTS_DIR; };
		86BC15F70C0726DD7D7E747B /* Pods-Crud Example.debug.xcconfig */ = {isa = PBXFileReference; includeInIndex = 1; lastKnownFileType = text.xcconfig; name = "Pods-Crud Example.debug.xcconfig"; path = "Target Support Files/Pods-Crud Example/Pods-Crud Example.debug.xcconfig"; sourceTree = "<group>"; };
		B647A8C8274ECA6900802633 /* LoginVC.swift */ = {isa = PBXFileReference; lastKnownFileType = sourcecode.swift; path = LoginVC.swift; sourceTree = "<group>"; };
		B647A8CE274EE19600802633 /* FormVC.swift */ = {isa = PBXFileReference; lastKnownFileType = sourcecode.swift; path = FormVC.swift; sourceTree = "<group>"; };
		B647A8D0274F399600802633 /* Constants.swift */ = {isa = PBXFileReference; lastKnownFileType = sourcecode.swift; path = Constants.swift; sourceTree = "<group>"; };
		B65BC691274B737700EB8603 /* Crud Example.app */ = {isa = PBXFileReference; explicitFileType = wrapper.application; includeInIndex = 0; path = "Crud Example.app"; sourceTree = BUILT_PRODUCTS_DIR; };
		B65BC694274B737700EB8603 /* AppDelegate.swift */ = {isa = PBXFileReference; lastKnownFileType = sourcecode.swift; path = AppDelegate.swift; sourceTree = "<group>"; };
		B65BC696274B737700EB8603 /* SceneDelegate.swift */ = {isa = PBXFileReference; lastKnownFileType = sourcecode.swift; path = SceneDelegate.swift; sourceTree = "<group>"; };
		B65BC698274B737700EB8603 /* MainVC.swift */ = {isa = PBXFileReference; lastKnownFileType = sourcecode.swift; path = MainVC.swift; sourceTree = "<group>"; };
		B65BC69B274B737700EB8603 /* Base */ = {isa = PBXFileReference; lastKnownFileType = file.storyboard; name = Base; path = Base.lproj/Main.storyboard; sourceTree = "<group>"; };
		B65BC69D274B737900EB8603 /* Assets.xcassets */ = {isa = PBXFileReference; lastKnownFileType = folder.assetcatalog; path = Assets.xcassets; sourceTree = "<group>"; };
		B65BC6A0274B737900EB8603 /* Base */ = {isa = PBXFileReference; lastKnownFileType = file.storyboard; name = Base; path = Base.lproj/LaunchScreen.storyboard; sourceTree = "<group>"; };
		B65BC6A2274B737900EB8603 /* Info.plist */ = {isa = PBXFileReference; lastKnownFileType = text.plist.xml; path = Info.plist; sourceTree = "<group>"; };
		B65BC6A7274B737900EB8603 /* Crud ExampleTests.xctest */ = {isa = PBXFileReference; explicitFileType = wrapper.cfbundle; includeInIndex = 0; path = "Crud ExampleTests.xctest"; sourceTree = BUILT_PRODUCTS_DIR; };
		B65BC6AB274B737900EB8603 /* Crud_ExampleTests.swift */ = {isa = PBXFileReference; lastKnownFileType = sourcecode.swift; path = Crud_ExampleTests.swift; sourceTree = "<group>"; };
		B65BC6AD274B737900EB8603 /* Info.plist */ = {isa = PBXFileReference; lastKnownFileType = text.plist.xml; path = Info.plist; sourceTree = "<group>"; };
		B65BC6B2274B737900EB8603 /* Crud ExampleUITests.xctest */ = {isa = PBXFileReference; explicitFileType = wrapper.cfbundle; includeInIndex = 0; path = "Crud ExampleUITests.xctest"; sourceTree = BUILT_PRODUCTS_DIR; };
		B65BC6B6274B737900EB8603 /* Crud_ExampleUITests.swift */ = {isa = PBXFileReference; lastKnownFileType = sourcecode.swift; path = Crud_ExampleUITests.swift; sourceTree = "<group>"; };
		B65BC6B8274B737900EB8603 /* Info.plist */ = {isa = PBXFileReference; lastKnownFileType = text.plist.xml; path = Info.plist; sourceTree = "<group>"; };
		B65BC6C7274B81A300EB8603 /* UIViewController.swift */ = {isa = PBXFileReference; lastKnownFileType = sourcecode.swift; path = UIViewController.swift; sourceTree = "<group>"; };
		B65BC6C9274B820A00EB8603 /* Connectivity.swift */ = {isa = PBXFileReference; lastKnownFileType = sourcecode.swift; path = Connectivity.swift; sourceTree = "<group>"; };
		B65BC6CB274B823000EB8603 /* Message.swift */ = {isa = PBXFileReference; lastKnownFileType = sourcecode.swift; path = Message.swift; sourceTree = "<group>"; };
		B65BC6CD274B826200EB8603 /* Person.swift */ = {isa = PBXFileReference; lastKnownFileType = sourcecode.swift; path = Person.swift; sourceTree = "<group>"; };
		B65BC6D1274D8AF500EB8603 /* Vehicle.swift */ = {isa = PBXFileReference; lastKnownFileType = sourcecode.swift; path = Vehicle.swift; sourceTree = "<group>"; };
		B65BC6D3274D8B0600EB8603 /* Generic.swift */ = {isa = PBXFileReference; lastKnownFileType = sourcecode.swift; path = Generic.swift; sourceTree = "<group>"; };
		DE24DA45F3E7EA42D49B806C /* Pods-Crud Example.release.xcconfig */ = {isa = PBXFileReference; includeInIndex = 1; lastKnownFileType = text.xcconfig; name = "Pods-Crud Example.release.xcconfig"; path = "Target Support Files/Pods-Crud Example/Pods-Crud Example.release.xcconfig"; sourceTree = "<group>"; };
/* End PBXFileReference section */

/* Begin PBXFrameworksBuildPhase section */
		B65BC68E274B737700EB8603 /* Frameworks */ = {
			isa = PBXFrameworksBuildPhase;
			buildActionMask = 2147483647;
			files = (
				4A624A8D7AB739BA40B35289 /* Pods_Crud_Example.framework in Frameworks */,
			);
			runOnlyForDeploymentPostprocessing = 0;
		};
		B65BC6A4274B737900EB8603 /* Frameworks */ = {
			isa = PBXFrameworksBuildPhase;
			buildActionMask = 2147483647;
			files = (
			);
			runOnlyForDeploymentPostprocessing = 0;
		};
		B65BC6AF274B737900EB8603 /* Frameworks */ = {
			isa = PBXFrameworksBuildPhase;
			buildActionMask = 2147483647;
			files = (
			);
			runOnlyForDeploymentPostprocessing = 0;
		};
/* End PBXFrameworksBuildPhase section */

/* Begin PBXGroup section */
		A76F2923DB6EC815E59856CE /* Pods */ = {
			isa = PBXGroup;
			children = (
				86BC15F70C0726DD7D7E747B /* Pods-Crud Example.debug.xcconfig */,
				DE24DA45F3E7EA42D49B806C /* Pods-Crud Example.release.xcconfig */,
			);
			path = Pods;
			sourceTree = "<group>";
		};
		B65BC688274B737700EB8603 = {
			isa = PBXGroup;
			children = (
				B65BC693274B737700EB8603 /* Crud Example */,
				B65BC6AA274B737900EB8603 /* Crud ExampleTests */,
				B65BC6B5274B737900EB8603 /* Crud ExampleUITests */,
				B65BC692274B737700EB8603 /* Products */,
				A76F2923DB6EC815E59856CE /* Pods */,
				FE97E6B9A420BD27C7683085 /* Frameworks */,
			);
			sourceTree = "<group>";
		};
		B65BC692274B737700EB8603 /* Products */ = {
			isa = PBXGroup;
			children = (
				B65BC691274B737700EB8603 /* Crud Example.app */,
				B65BC6A7274B737900EB8603 /* Crud ExampleTests.xctest */,
				B65BC6B2274B737900EB8603 /* Crud ExampleUITests.xctest */,
			);
			name = Products;
			sourceTree = "<group>";
		};
		B65BC693274B737700EB8603 /* Crud Example */ = {
			isa = PBXGroup;
			children = (
				B65BC6C6274B817B00EB8603 /* Utils */,
				B65BC6C5274B75A900EB8603 /* Models */,
				B65BC6C4274B759700EB8603 /* Controllers */,
				B65BC694274B737700EB8603 /* AppDelegate.swift */,
				B65BC696274B737700EB8603 /* SceneDelegate.swift */,
				B65BC69A274B737700EB8603 /* Main.storyboard */,
				B65BC69D274B737900EB8603 /* Assets.xcassets */,
				B65BC69F274B737900EB8603 /* LaunchScreen.storyboard */,
				B65BC6A2274B737900EB8603 /* Info.plist */,
			);
			path = "Crud Example";
			sourceTree = "<group>";
		};
		B65BC6AA274B737900EB8603 /* Crud ExampleTests */ = {
			isa = PBXGroup;
			children = (
				B65BC6AB274B737900EB8603 /* Crud_ExampleTests.swift */,
				B65BC6AD274B737900EB8603 /* Info.plist */,
			);
			path = "Crud ExampleTests";
			sourceTree = "<group>";
		};
		B65BC6B5274B737900EB8603 /* Crud ExampleUITests */ = {
			isa = PBXGroup;
			children = (
				B65BC6B6274B737900EB8603 /* Crud_ExampleUITests.swift */,
				B65BC6B8274B737900EB8603 /* Info.plist */,
			);
			path = "Crud ExampleUITests";
			sourceTree = "<group>";
		};
		B65BC6C4274B759700EB8603 /* Controllers */ = {
			isa = PBXGroup;
			children = (
				B65BC698274B737700EB8603 /* MainVC.swift */,
				B647A8C8274ECA6900802633 /* LoginVC.swift */,
				B647A8CE274EE19600802633 /* FormVC.swift */,
			);
			path = Controllers;
			sourceTree = "<group>";
		};
		B65BC6C5274B75A900EB8603 /* Models */ = {
			isa = PBXGroup;
			children = (
				B65BC6CD274B826200EB8603 /* Person.swift */,
				B65BC6D1274D8AF500EB8603 /* Vehicle.swift */,
				B65BC6D3274D8B0600EB8603 /* Generic.swift */,
			);
			path = Models;
			sourceTree = "<group>";
		};
		B65BC6C6274B817B00EB8603 /* Utils */ = {
			isa = PBXGroup;
			children = (
				B65BC6C7274B81A300EB8603 /* UIViewController.swift */,
				B65BC6C9274B820A00EB8603 /* Connectivity.swift */,
				B65BC6CB274B823000EB8603 /* Message.swift */,
				B647A8D0274F399600802633 /* Constants.swift */,
			);
			path = Utils;
			sourceTree = "<group>";
		};
		FE97E6B9A420BD27C7683085 /* Frameworks */ = {
			isa = PBXGroup;
			children = (
				66CA530EF85AFF0446CC21C9 /* Pods_Crud_Example.framework */,
			);
			name = Frameworks;
			sourceTree = "<group>";
		};
/* End PBXGroup section */

/* Begin PBXNativeTarget section */
		B65BC690274B737700EB8603 /* Crud Example */ = {
			isa = PBXNativeTarget;
			buildConfigurationList = B65BC6BB274B737900EB8603 /* Build configuration list for PBXNativeTarget "Crud Example" */;
			buildPhases = (
				D1CD8543CB142F6AE88534A2 /* [CP] Check Pods Manifest.lock */,
				B65BC68D274B737700EB8603 /* Sources */,
				B65BC68E274B737700EB8603 /* Frameworks */,
				B65BC68F274B737700EB8603 /* Resources */,
				DC1387428E11965247FFCA9E /* [CP] Embed Pods Frameworks */,
			);
			buildRules = (
			);
			dependencies = (
			);
			name = "Crud Example";
			productName = "Crud Example";
			productReference = B65BC691274B737700EB8603 /* Crud Example.app */;
			productType = "com.apple.product-type.application";
		};
		B65BC6A6274B737900EB8603 /* Crud ExampleTests */ = {
			isa = PBXNativeTarget;
			buildConfigurationList = B65BC6BE274B737900EB8603 /* Build configuration list for PBXNativeTarget "Crud ExampleTests" */;
			buildPhases = (
				B65BC6A3274B737900EB8603 /* Sources */,
				B65BC6A4274B737900EB8603 /* Frameworks */,
				B65BC6A5274B737900EB8603 /* Resources */,
			);
			buildRules = (
			);
			dependencies = (
				B65BC6A9274B737900EB8603 /* PBXTargetDependency */,
			);
			name = "Crud ExampleTests";
			productName = "Crud ExampleTests";
			productReference = B65BC6A7274B737900EB8603 /* Crud ExampleTests.xctest */;
			productType = "com.apple.product-type.bundle.unit-test";
		};
		B65BC6B1274B737900EB8603 /* Crud ExampleUITests */ = {
			isa = PBXNativeTarget;
			buildConfigurationList = B65BC6C1274B737900EB8603 /* Build configuration list for PBXNativeTarget "Crud ExampleUITests" */;
			buildPhases = (
				B65BC6AE274B737900EB8603 /* Sources */,
				B65BC6AF274B737900EB8603 /* Frameworks */,
				B65BC6B0274B737900EB8603 /* Resources */,
			);
			buildRules = (
			);
			dependencies = (
				B65BC6B4274B737900EB8603 /* PBXTargetDependency */,
			);
			name = "Crud ExampleUITests";
			productName = "Crud ExampleUITests";
			productReference = B65BC6B2274B737900EB8603 /* Crud ExampleUITests.xctest */;
			productType = "com.apple.product-type.bundle.ui-testing";
		};
/* End PBXNativeTarget section */

/* Begin PBXProject section */
		B65BC689274B737700EB8603 /* Project object */ = {
			isa = PBXProject;
			attributes = {
				LastSwiftUpdateCheck = 1250;
				LastUpgradeCheck = 1250;
				TargetAttributes = {
					B65BC690274B737700EB8603 = {
						CreatedOnToolsVersion = 12.5;
					};
					B65BC6A6274B737900EB8603 = {
						CreatedOnToolsVersion = 12.5;
						TestTargetID = B65BC690274B737700EB8603;
					};
					B65BC6B1274B737900EB8603 = {
						CreatedOnToolsVersion = 12.5;
						TestTargetID = B65BC690274B737700EB8603;
					};
				};
			};
			buildConfigurationList = B65BC68C274B737700EB8603 /* Build configuration list for PBXProject "Crud Example" */;
			compatibilityVersion = "Xcode 9.3";
			developmentRegion = en;
			hasScannedForEncodings = 0;
			knownRegions = (
				en,
				Base,
			);
			mainGroup = B65BC688274B737700EB8603;
			productRefGroup = B65BC692274B737700EB8603 /* Products */;
			projectDirPath = "";
			projectRoot = "";
			targets = (
				B65BC690274B737700EB8603 /* Crud Example */,
				B65BC6A6274B737900EB8603 /* Crud ExampleTests */,
				B65BC6B1274B737900EB8603 /* Crud ExampleUITests */,
			);
		};
/* End PBXProject section */

/* Begin PBXResourcesBuildPhase section */
		B65BC68F274B737700EB8603 /* Resources */ = {
			isa = PBXResourcesBuildPhase;
			buildActionMask = 2147483647;
			files = (
				B65BC6A1274B737900EB8603 /* LaunchScreen.storyboard in Resources */,
				B65BC69E274B737900EB8603 /* Assets.xcassets in Resources */,
				B65BC69C274B737700EB8603 /* Main.storyboard in Resources */,
			);
			runOnlyForDeploymentPostprocessing = 0;
		};
		B65BC6A5274B737900EB8603 /* Resources */ = {
			isa = PBXResourcesBuildPhase;
			buildActionMask = 2147483647;
			files = (
			);
			runOnlyForDeploymentPostprocessing = 0;
		};
		B65BC6B0274B737900EB8603 /* Resources */ = {
			isa = PBXResourcesBuildPhase;
			buildActionMask = 2147483647;
			files = (
			);
			runOnlyForDeploymentPostprocessing = 0;
		};
/* End PBXResourcesBuildPhase section */

/* Begin PBXShellScriptBuildPhase section */
		D1CD8543CB142F6AE88534A2 /* [CP] Check Pods Manifest.lock */ = {
			isa = PBXShellScriptBuildPhase;
			buildActionMask = 2147483647;
			files = (
			);
			inputFileListPaths = (
			);
			inputPaths = (
				"${PODS_PODFILE_DIR_PATH}/Podfile.lock",
				"${PODS_ROOT}/Manifest.lock",
			);
			name = "[CP] Check Pods Manifest.lock";
			outputFileListPaths = (
			);
			outputPaths = (
				"$(DERIVED_FILE_DIR)/Pods-Crud Example-checkManifestLockResult.txt",
			);
			runOnlyForDeploymentPostprocessing = 0;
			shellPath = /bin/sh;
			shellScript = "diff \"${PODS_PODFILE_DIR_PATH}/Podfile.lock\" \"${PODS_ROOT}/Manifest.lock\" > /dev/null\nif [ $? != 0 ] ; then\n    # print error to STDERR\n    echo \"error: The sandbox is not in sync with the Podfile.lock. Run 'pod install' or update your CocoaPods installation.\" >&2\n    exit 1\nfi\n# This output is used by Xcode 'outputs' to avoid re-running this script phase.\necho \"SUCCESS\" > \"${SCRIPT_OUTPUT_FILE_0}\"\n";
			showEnvVarsInLog = 0;
		};
		DC1387428E11965247FFCA9E /* [CP] Embed Pods Frameworks */ = {
			isa = PBXShellScriptBuildPhase;
			buildActionMask = 2147483647;
			files = (
			);
			inputFileListPaths = (
				"${PODS_ROOT}/Target Support Files/Pods-Crud Example/Pods-Crud Example-frameworks-${CONFIGURATION}-input-files.xcfilelist",
			);
			name = "[CP] Embed Pods Frameworks";
			outputFileListPaths = (
				"${PODS_ROOT}/Target Support Files/Pods-Crud Example/Pods-Crud Example-frameworks-${CONFIGURATION}-output-files.xcfilelist",
			);
			runOnlyForDeploymentPostprocessing = 0;
			shellPath = /bin/sh;
			shellScript = "\"${PODS_ROOT}/Target Support Files/Pods-Crud Example/Pods-Crud Example-frameworks.sh\"\n";
			showEnvVarsInLog = 0;
		};
/* End PBXShellScriptBuildPhase section */

/* Begin PBXSourcesBuildPhase section */
		B65BC68D274B737700EB8603 /* Sources */ = {
			isa = PBXSourcesBuildPhase;
			buildActionMask = 2147483647;
			files = (
				B65BC6D2274D8AF500EB8603 /* Vehicle.swift in Sources */,
				B65BC699274B737700EB8603 /* MainVC.swift in Sources */,
				B65BC695274B737700EB8603 /* AppDelegate.swift in Sources */,
				B65BC6CA274B820A00EB8603 /* Connectivity.swift in Sources */,
				B65BC6CC274B823000EB8603 /* Message.swift in Sources */,
				B647A8C9274ECA6900802633 /* LoginVC.swift in Sources */,
				B65BC6D4274D8B0600EB8603 /* Generic.swift in Sources */,
				B65BC6CE274B826200EB8603 /* Person.swift in Sources */,
				B647A8CF274EE19600802633 /* FormVC.swift in Sources */,
				B647A8D1274F399600802633 /* Constants.swift in Sources */,
				B65BC6C8274B81A300EB8603 /* UIViewController.swift in Sources */,
				B65BC697274B737700EB8603 /* SceneDelegate.swift in Sources */,
			);
			runOnlyForDeploymentPostprocessing = 0;
		};
		B65BC6A3274B737900EB8603 /* Sources */ = {
			isa = PBXSourcesBuildPhase;
			buildActionMask = 2147483647;
			files = (
				B65BC6AC274B737900EB8603 /* Crud_ExampleTests.swift in Sources */,
			);
			runOnlyForDeploymentPostprocessing = 0;
		};
		B65BC6AE274B737900EB8603 /* Sources */ = {
			isa = PBXSourcesBuildPhase;
			buildActionMask = 2147483647;
			files = (
				B65BC6B7274B737900EB8603 /* Crud_ExampleUITests.swift in Sources */,
			);
			runOnlyForDeploymentPostprocessing = 0;
		};
/* End PBXSourcesBuildPhase section */

/* Begin PBXTargetDependency section */
		B65BC6A9274B737900EB8603 /* PBXTargetDependency */ = {
			isa = PBXTargetDependency;
			target = B65BC690274B737700EB8603 /* Crud Example */;
			targetProxy = B65BC6A8274B737900EB8603 /* PBXContainerItemProxy */;
		};
		B65BC6B4274B737900EB8603 /* PBXTargetDependency */ = {
			isa = PBXTargetDependency;
			target = B65BC690274B737700EB8603 /* Crud Example */;
			targetProxy = B65BC6B3274B737900EB8603 /* PBXContainerItemProxy */;
		};
/* End PBXTargetDependency section */

/* Begin PBXVariantGroup section */
		B65BC69A274B737700EB8603 /* Main.storyboard */ = {
			isa = PBXVariantGroup;
			children = (
				B65BC69B274B737700EB8603 /* Base */,
			);
			name = Main.storyboard;
			sourceTree = "<group>";
		};
		B65BC69F274B737900EB8603 /* LaunchScreen.storyboard */ = {
			isa = PBXVariantGroup;
			children = (
				B65BC6A0274B737900EB8603 /* Base */,
			);
			name = LaunchScreen.storyboard;
			sourceTree = "<group>";
		};
/* End PBXVariantGroup section */

/* Begin XCBuildConfiguration section */
		B65BC6B9274B737900EB8603 /* Debug */ = {
			isa = XCBuildConfiguration;
			buildSettings = {
				ALWAYS_SEARCH_USER_PATHS = NO;
				CLANG_ANALYZER_NONNULL = YES;
				CLANG_ANALYZER_NUMBER_OBJECT_CONVERSION = YES_AGGRESSIVE;
				CLANG_CXX_LANGUAGE_STANDARD = "gnu++14";
				CLANG_CXX_LIBRARY = "libc++";
				CLANG_ENABLE_MODULES = YES;
				CLANG_ENABLE_OBJC_ARC = YES;
				CLANG_ENABLE_OBJC_WEAK = YES;
				CLANG_WARN_BLOCK_CAPTURE_AUTORELEASING = YES;
				CLANG_WARN_BOOL_CONVERSION = YES;
				CLANG_WARN_COMMA = YES;
				CLANG_WARN_CONSTANT_CONVERSION = YES;
				CLANG_WARN_DEPRECATED_OBJC_IMPLEMENTATIONS = YES;
				CLANG_WARN_DIRECT_OBJC_ISA_USAGE = YES_ERROR;
				CLANG_WARN_DOCUMENTATION_COMMENTS = YES;
				CLANG_WARN_EMPTY_BODY = YES;
				CLANG_WARN_ENUM_CONVERSION = YES;
				CLANG_WARN_INFINITE_RECURSION = YES;
				CLANG_WARN_INT_CONVERSION = YES;
				CLANG_WARN_NON_LITERAL_NULL_CONVERSION = YES;
				CLANG_WARN_OBJC_IMPLICIT_RETAIN_SELF = YES;
				CLANG_WARN_OBJC_LITERAL_CONVERSION = YES;
				CLANG_WARN_OBJC_ROOT_CLASS = YES_ERROR;
				CLANG_WARN_QUOTED_INCLUDE_IN_FRAMEWORK_HEADER = YES;
				CLANG_WARN_RANGE_LOOP_ANALYSIS = YES;
				CLANG_WARN_STRICT_PROTOTYPES = YES;
				CLANG_WARN_SUSPICIOUS_MOVE = YES;
				CLANG_WARN_UNGUARDED_AVAILABILITY = YES_AGGRESSIVE;
				CLANG_WARN_UNREACHABLE_CODE = YES;
				CLANG_WARN__DUPLICATE_METHOD_MATCH = YES;
				COPY_PHASE_STRIP = NO;
				DEBUG_INFORMATION_FORMAT = dwarf;
				ENABLE_STRICT_OBJC_MSGSEND = YES;
				ENABLE_TESTABILITY = YES;
				GCC_C_LANGUAGE_STANDARD = gnu11;
				GCC_DYNAMIC_NO_PIC = NO;
				GCC_NO_COMMON_BLOCKS = YES;
				GCC_OPTIMIZATION_LEVEL = 0;
				GCC_PREPROCESSOR_DEFINITIONS = (
					"DEBUG=1",
					"$(inherited)",
				);
				GCC_WARN_64_TO_32_BIT_CONVERSION = YES;
				GCC_WARN_ABOUT_RETURN_TYPE = YES_ERROR;
				GCC_WARN_UNDECLARED_SELECTOR = YES;
				GCC_WARN_UNINITIALIZED_AUTOS = YES_AGGRESSIVE;
				GCC_WARN_UNUSED_FUNCTION = YES;
				GCC_WARN_UNUSED_VARIABLE = YES;
				IPHONEOS_DEPLOYMENT_TARGET = 14.5;
				MTL_ENABLE_DEBUG_INFO = INCLUDE_SOURCE;
				MTL_FAST_MATH = YES;
				ONLY_ACTIVE_ARCH = YES;
				SDKROOT = iphoneos;
				SWIFT_ACTIVE_COMPILATION_CONDITIONS = DEBUG;
				SWIFT_OPTIMIZATION_LEVEL = "-Onone";
			};
			name = Debug;
		};
		B65BC6BA274B737900EB8603 /* Release */ = {
			isa = XCBuildConfiguration;
			buildSettings = {
				ALWAYS_SEARCH_USER_PATHS = NO;
				CLANG_ANALYZER_NONNULL = YES;
				CLANG_ANALYZER_NUMBER_OBJECT_CONVERSION = YES_AGGRESSIVE;
				CLANG_CXX_LANGUAGE_STANDARD = "gnu++14";
				CLANG_CXX_LIBRARY = "libc++";
				CLANG_ENABLE_MODULES = YES;
				CLANG_ENABLE_OBJC_ARC = YES;
				CLANG_ENABLE_OBJC_WEAK = YES;
				CLANG_WARN_BLOCK_CAPTURE_AUTORELEASING = YES;
				CLANG_WARN_BOOL_CONVERSION = YES;
				CLANG_WARN_COMMA = YES;
				CLANG_WARN_CONSTANT_CONVERSION = YES;
				CLANG_WARN_DEPRECATED_OBJC_IMPLEMENTATIONS = YES;
				CLANG_WARN_DIRECT_OBJC_ISA_USAGE = YES_ERROR;
				CLANG_WARN_DOCUMENTATION_COMMENTS = YES;
				CLANG_WARN_EMPTY_BODY = YES;
				CLANG_WARN_ENUM_CONVERSION = YES;
				CLANG_WARN_INFINITE_RECURSION = YES;
				CLANG_WARN_INT_CONVERSION = YES;
				CLANG_WARN_NON_LITERAL_NULL_CONVERSION = YES;
				CLANG_WARN_OBJC_IMPLICIT_RETAIN_SELF = YES;
				CLANG_WARN_OBJC_LITERAL_CONVERSION = YES;
				CLANG_WARN_OBJC_ROOT_CLASS = YES_ERROR;
				CLANG_WARN_QUOTED_INCLUDE_IN_FRAMEWORK_HEADER = YES;
				CLANG_WARN_RANGE_LOOP_ANALYSIS = YES;
				CLANG_WARN_STRICT_PROTOTYPES = YES;
				CLANG_WARN_SUSPICIOUS_MOVE = YES;
				CLANG_WARN_UNGUARDED_AVAILABILITY = YES_AGGRESSIVE;
				CLANG_WARN_UNREACHABLE_CODE = YES;
				CLANG_WARN__DUPLICATE_METHOD_MATCH = YES;
				COPY_PHASE_STRIP = NO;
				DEBUG_INFORMATION_FORMAT = "dwarf-with-dsym";
				ENABLE_NS_ASSERTIONS = NO;
				ENABLE_STRICT_OBJC_MSGSEND = YES;
				GCC_C_LANGUAGE_STANDARD = gnu11;
				GCC_NO_COMMON_BLOCKS = YES;
				GCC_WARN_64_TO_32_BIT_CONVERSION = YES;
				GCC_WARN_ABOUT_RETURN_TYPE = YES_ERROR;
				GCC_WARN_UNDECLARED_SELECTOR = YES;
				GCC_WARN_UNINITIALIZED_AUTOS = YES_AGGRESSIVE;
				GCC_WARN_UNUSED_FUNCTION = YES;
				GCC_WARN_UNUSED_VARIABLE = YES;
				IPHONEOS_DEPLOYMENT_TARGET = 14.5;
				MTL_ENABLE_DEBUG_INFO = NO;
				MTL_FAST_MATH = YES;
				SDKROOT = iphoneos;
				SWIFT_COMPILATION_MODE = wholemodule;
				SWIFT_OPTIMIZATION_LEVEL = "-O";
				VALIDATE_PRODUCT = YES;
			};
			name = Release;
		};
		B65BC6BC274B737900EB8603 /* Debug */ = {
			isa = XCBuildConfiguration;
			baseConfigurationReference = 86BC15F70C0726DD7D7E747B /* Pods-Crud Example.debug.xcconfig */;
			buildSettings = {
				ASSETCATALOG_COMPILER_APPICON_NAME = AppIcon;
				ASSETCATALOG_COMPILER_GLOBAL_ACCENT_COLOR_NAME = AccentColor;
				CODE_SIGN_STYLE = Automatic;
				DEVELOPMENT_TEAM = KFF7V6Z8FA;
				INFOPLIST_FILE = "Crud Example/Info.plist";
				IPHONEOS_DEPLOYMENT_TARGET = 14.5;
				LD_RUNPATH_SEARCH_PATHS = (
					"$(inherited)",
					"@executable_path/Frameworks",
				);
				PRODUCT_BUNDLE_IDENTIFIER = "com.genesisvargasj.Crud-Example";
				PRODUCT_NAME = "$(TARGET_NAME)";
				SWIFT_VERSION = 5.0;
				TARGETED_DEVICE_FAMILY = 1;
			};
			name = Debug;
		};
		B65BC6BD274B737900EB8603 /* Release */ = {
			isa = XCBuildConfiguration;
			baseConfigurationReference = DE24DA45F3E7EA42D49B806C /* Pods-Crud Example.release.xcconfig */;
			buildSettings = {
				ASSETCATALOG_COMPILER_APPICON_NAME = AppIcon;
				ASSETCATALOG_COMPILER_GLOBAL_ACCENT_COLOR_NAME = AccentColor;
				CODE_SIGN_STYLE = Automatic;
				DEVELOPMENT_TEAM = KFF7V6Z8FA;
				INFOPLIST_FILE = "Crud Example/Info.plist";
				IPHONEOS_DEPLOYMENT_TARGET = 14.5;
				LD_RUNPATH_SEARCH_PATHS = (
					"$(inherited)",
					"@executable_path/Frameworks",
				);
				PRODUCT_BUNDLE_IDENTIFIER = "com.genesisvargasj.Crud-Example";
				PRODUCT_NAME = "$(TARGET_NAME)";
				SWIFT_VERSION = 5.0;
				TARGETED_DEVICE_FAMILY = 1;
			};
			name = Release;
		};
		B65BC6BF274B737900EB8603 /* Debug */ = {
			isa = XCBuildConfiguration;
			buildSettings = {
				ALWAYS_EMBED_SWIFT_STANDARD_LIBRARIES = YES;
				BUNDLE_LOADER = "$(TEST_HOST)";
				CODE_SIGN_STYLE = Automatic;
				DEVELOPMENT_TEAM = KFF7V6Z8FA;
				INFOPLIST_FILE = "Crud ExampleTests/Info.plist";
				IPHONEOS_DEPLOYMENT_TARGET = 14.5;
				LD_RUNPATH_SEARCH_PATHS = (
					"$(inherited)",
					"@executable_path/Frameworks",
					"@loader_path/Frameworks",
				);
				PRODUCT_BUNDLE_IDENTIFIER = "com.genesisvargasj.Crud-ExampleTests";
				PRODUCT_NAME = "$(TARGET_NAME)";
				SWIFT_VERSION = 5.0;
				TARGETED_DEVICE_FAMILY = "1,2";
				TEST_HOST = "$(BUILT_PRODUCTS_DIR)/Crud Example.app/Crud Example";
			};
			name = Debug;
		};
		B65BC6C0274B737900EB8603 /* Release */ = {
			isa = XCBuildConfiguration;
			buildSettings = {
				ALWAYS_EMBED_SWIFT_STANDARD_LIBRARIES = YES;
				BUNDLE_LOADER = "$(TEST_HOST)";
				CODE_SIGN_STYLE = Automatic;
				DEVELOPMENT_TEAM = KFF7V6Z8FA;
				INFOPLIST_FILE = "Crud ExampleTests/Info.plist";
				IPHONEOS_DEPLOYMENT_TARGET = 14.5;
				LD_RUNPATH_SEARCH_PATHS = (
					"$(inherited)",
					"@executable_path/Frameworks",
					"@loader_path/Frameworks",
				);
				PRODUCT_BUNDLE_IDENTIFIER = "com.genesisvargasj.Crud-ExampleTests";
				PRODUCT_NAME = "$(TARGET_NAME)";
				SWIFT_VERSION = 5.0;
				TARGETED_DEVICE_FAMILY = "1,2";
				TEST_HOST = "$(BUILT_PRODUCTS_DIR)/Crud Example.app/Crud Example";
			};
			name = Release;
		};
		B65BC6C2274B737900EB8603 /* Debug */ = {
			isa = XCBuildConfiguration;
			buildSettings = {
				ALWAYS_EMBED_SWIFT_STANDARD_LIBRARIES = YES;
				CODE_SIGN_STYLE = Automatic;
				DEVELOPMENT_TEAM = KFF7V6Z8FA;
				INFOPLIST_FILE = "Crud ExampleUITests/Info.plist";
				LD_RUNPATH_SEARCH_PATHS = (
					"$(inherited)",
					"@executable_path/Frameworks",
					"@loader_path/Frameworks",
				);
				PRODUCT_BUNDLE_IDENTIFIER = "com.genesisvargasj.Crud-ExampleUITests";
				PRODUCT_NAME = "$(TARGET_NAME)";
				SWIFT_VERSION = 5.0;
				TARGETED_DEVICE_FAMILY = "1,2";
				TEST_TARGET_NAME = "Crud Example";
			};
			name = Debug;
		};
		B65BC6C3274B737900EB8603 /* Release */ = {
			isa = XCBuildConfiguration;
			buildSettings = {
				ALWAYS_EMBED_SWIFT_STANDARD_LIBRARIES = YES;
				CODE_SIGN_STYLE = Automatic;
				DEVELOPMENT_TEAM = KFF7V6Z8FA;
				INFOPLIST_FILE = "Crud ExampleUITests/Info.plist";
				LD_RUNPATH_SEARCH_PATHS = (
					"$(inherited)",
					"@executable_path/Frameworks",
					"@loader_path/Frameworks",
				);
				PRODUCT_BUNDLE_IDENTIFIER = "com.genesisvargasj.Crud-ExampleUITests";
				PRODUCT_NAME = "$(TARGET_NAME)";
				SWIFT_VERSION = 5.0;
				TARGETED_DEVICE_FAMILY = "1,2";
				TEST_TARGET_NAME = "Crud Example";
			};
			name = Release;
		};
/* End XCBuildConfiguration section */

/* Begin XCConfigurationList section */
		B65BC68C274B737700EB8603 /* Build configuration list for PBXProject "Crud Example" */ = {
			isa = XCConfigurationList;
			buildConfigurations = (
				B65BC6B9274B737900EB8603 /* Debug */,
				B65BC6BA274B737900EB8603 /* Release */,
			);
			defaultConfigurationIsVisible = 0;
			defaultConfigurationName = Release;
		};
		B65BC6BB274B737900EB8603 /* Build configuration list for PBXNativeTarget "Crud Example" */ = {
			isa = XCConfigurationList;
			buildConfigurations = (
				B65BC6BC274B737900EB8603 /* Debug */,
				B65BC6BD274B737900EB8603 /* Release */,
			);
			defaultConfigurationIsVisible = 0;
			defaultConfigurationName = Release;
		};
		B65BC6BE274B737900EB8603 /* Build configuration list for PBXNativeTarget "Crud ExampleTests" */ = {
			isa = XCConfigurationList;
			buildConfigurations = (
				B65BC6BF274B737900EB8603 /* Debug */,
				B65BC6C0274B737900EB8603 /* Release */,
			);
			defaultConfigurationIsVisible = 0;
			defaultConfigurationName = Release;
		};
		B65BC6C1274B737900EB8603 /* Build configuration list for PBXNativeTarget "Crud ExampleUITests" */ = {
			isa = XCConfigurationList;
			buildConfigurations = (
				B65BC6C2274B737900EB8603 /* Debug */,
				B65BC6C3274B737900EB8603 /* Release */,
			);
			defaultConfigurationIsVisible = 0;
			defaultConfigurationName = Release;
		};
/* End XCConfigurationList section */
	};
	rootObject = B65BC689274B737700EB8603 /* Project object */;
}
